
Microsoft Visual Studio Solution File, Format Version 12.00
# Visual Studio 15
VisualStudioVersion = 15.0.27428.2015
MinimumVisualStudioVersion = 10.0.40219.1
Project("{FAE04EC0-301F-11D3-BF4B-00C04F79EFBC}") = "SelfUpdatingApp", "SelfUpdatingApp\SelfUpdatingApp.csproj", "{DE6FE8B9-90EB-4FA2-AF16-A8FDA7F38043}"
EndProject
Global
	GlobalSection(SolutionConfigurationPlatforms) = preSolution
		Debug|Any CPU = Debug|Any CPU
		Release|Any CPU = Release|Any CPU
	EndGlobalSection
	GlobalSection(ProjectConfigurationPlatforms) = postSolution
		{DE6FE8B9-90EB-4FA2-AF16-A8FDA7F38043}.Debug|Any CPU.ActiveCfg = Debug|Any CPU
		{DE6FE8B9-90EB-4FA2-AF16-A8FDA7F38043}.Debug|Any CPU.Build.0 = Debug|Any CPU
		{DE6FE8B9-90EB-4FA2-AF16-A8FDA7F38043}.Release|Any CPU.ActiveCfg = Release|Any CPU
		{DE6FE8B9-90EB-4FA2-AF16-A8FDA7F38043}.Release|Any CPU.Build.0 = Release|Any CPU
	EndGlobalSection
	GlobalSection(SolutionProperties) = preSolution
		HideSolutionNode = FALSE
	EndGlobalSection
	GlobalSection(ExtensibilityGlobals) = postSolution
		SolutionGuid = {CB064077-8793-4443-8B3E-A62FAC50B1F4}
	EndGlobalSection
EndGlobal
