
Microsoft Visual Studio Solution File, Format Version 12.00
# Visual Studio 15
VisualStudioVersion = 15.0.27428.2015
MinimumVisualStudioVersion = 10.0.40219.1
Project("{FAE04EC0-301F-11D3-BF4B-00C04F79EFBC}") = "XmlManager", "XmlManager\XmlManager.csproj", "{73A61085-EE18-4CC5-A117-0B7FE2BB5CDB}"
EndProject
Global
	GlobalSection(SolutionConfigurationPlatforms) = preSolution
		Debug|Any CPU = Debug|Any CPU
		Release|Any CPU = Release|Any CPU
	EndGlobalSection
	GlobalSection(ProjectConfigurationPlatforms) = postSolution
		{73A61085-EE18-4CC5-A117-0B7FE2BB5CDB}.Debug|Any CPU.ActiveCfg = Debug|Any CPU
		{73A61085-EE18-4CC5-A117-0B7FE2BB5CDB}.Debug|Any CPU.Build.0 = Debug|Any CPU
		{73A61085-EE18-4CC5-A117-0B7FE2BB5CDB}.Release|Any CPU.ActiveCfg = Release|Any CPU
		{73A61085-EE18-4CC5-A117-0B7FE2BB5CDB}.Release|Any CPU.Build.0 = Release|Any CPU
	EndGlobalSection
	GlobalSection(SolutionProperties) = preSolution
		HideSolutionNode = FALSE
	EndGlobalSection
	GlobalSection(ExtensibilityGlobals) = postSolution
		SolutionGuid = {D3A0D010-465F-4EA9-B46A-C67E181A0CFC}
	EndGlobalSection
EndGlobal
